version = 1
revision = 3
requires-python = ">=3.11"

[[package]]
name = "coincurve"
version = "21.0.0"
source = { registry = "https://pypi.org/simple" }
sdist = { url = "https://files.pythonhosted.org/packages/6f/a2/f2a38eb05b747ed3e54e1be33be339d4a14c1f5cc6a6e2b342b5e8160d51/coincurve-21.0.0.tar.gz", hash = "sha256:8b37ce4265a82bebf0e796e21a769e56fdbf8420411ccbe3fafee4ed75b6a6e5", size = 128986, upload-time = "2025-03-08T15:31:24.266Z" }
wheels = [
    { url = "https://files.pythonhosted.org/packages/19/5a/9aaa096d830b5d1386335759e73038a5352f8cd670efed55d242f92d0bce/coincurve-21.0.0-cp311-cp311-macosx_10_9_x86_64.whl", hash = "sha256:65ec42cab9c60d587fb6275c71f0ebc580625c377a894c4818fb2a2b583a184b", size = 1390936, upload-time = "2025-03-08T15:30:14.716Z" },
    { url = "https://files.pythonhosted.org/packages/8a/e4/37dd30ed171432e32c075a03237915c0e69a5a524a807f380d910b276a2a/coincurve-21.0.0-cp311-cp311-macosx_11_0_arm64.whl", hash = "sha256:5828cd08eab928db899238874d1aab12fa1236f30fe095a3b7e26a5fc81df0a3", size = 1384762, upload-time = "2025-03-08T15:30:16.475Z" },
    { url = "https://files.pythonhosted.org/packages/09/fd/78870f4babed4981feb9b97b3189aec0f01a1a24be8a1ac04807dc68aa0d/coincurve-21.0.0-cp311-cp311-manylinux_2_12_i686.manylinux2010_i686.manylinux_2_17_i686.manylinux2014_i686.whl", hash = "sha256:54de1cac75182de9f71ce41415faafcaf788303e21cbd0188064e268d61625e5", size = 1597025, upload-time = "2025-03-08T15:30:18.566Z" },
    { url = "https://files.pythonhosted.org/packages/9d/fb/b4850f8afc941655ef4c1204b50f9e21f841c6a64aa83a559277ca305cbd/coincurve-21.0.0-cp311-cp311-manylinux_2_17_aarch64.manylinux2014_aarch64.whl", hash = "sha256:07cda058d9394bea30d57a92fdc18ee3ca6b5bc8ef776a479a2ffec917105836", size = 1603987, upload-time = "2025-03-08T15:30:20.65Z" },
    { url = "https://files.pythonhosted.org/packages/9d/b7/df41dbcec3f70e383fa024949ce8956ff3b2a1b9eac330fba18c2115eece/coincurve-21.0.0-cp311-cp311-manylinux_2_17_x86_64.manylinux2014_x86_64.whl", hash = "sha256:9070804d7c71badfe4f0bf19b728cfe7c70c12e733938ead6b1db37920b745c0", size = 1604762, upload-time = "2025-03-08T15:30:22.271Z" },
    { url = "https://files.pythonhosted.org/packages/70/84/1b2437fc22590073eefb3da0418648b2d5b768951ef851822be8c164b998/coincurve-21.0.0-cp311-cp311-musllinux_1_2_aarch64.whl", hash = "sha256:669ab5db393637824b226de058bb7ea0cb9a0236e1842d7b22f74d4a8a1f1ff1", size = 1637469, upload-time = "2025-03-08T15:30:24.305Z" },
    { url = "https://files.pythonhosted.org/packages/9c/4b/893763b3964b3044071a450fdada4c5024dc16f7644258a7bd06cf41e2ba/coincurve-21.0.0-cp311-cp311-musllinux_1_2_i686.whl", hash = "sha256:3bcd538af097b3914ec3cb654262e72e224f95f2e9c1eb7fbd75d843ae4e528e", size = 1601177, upload-time = "2025-03-08T15:30:25.805Z" },
    { url = "https://files.pythonhosted.org/packages/77/45/d2f42159cb461f5b070ff848244f1b83f3ea9ec3a3435368f9be33e4e276/coincurve-21.0.0-cp311-cp311-musllinux_1_2_x86_64.whl", hash = "sha256:45b6a5e6b5536e1f46f729829d99ce1f8f847308d339e8880fe7fa1646935c10", size = 1635597, upload-time = "2025-03-08T15:30:28.113Z" },
    { url = "https://files.pythonhosted.org/packages/9a/7c/528cff0aa17acd6c64b10c4bd8bb0adb6c96420be4e170916150537f36f6/coincurve-21.0.0-cp311-cp311-win_amd64.whl", hash = "sha256:87597cf30dfc05fa74218810776efacf8816813ab9fa6ea1490f94e9f8b15e77", size = 1328626, upload-time = "2025-03-08T15:30:29.757Z" },
    { url = "https://files.pythonhosted.org/packages/cb/91/845b00da05b132e7bb3f3d1c4c301c195b39a9dc8f9962295ff340a27f18/coincurve-21.0.0-cp311-cp311-win_arm64.whl", hash = "sha256:b992d1b1dac85d7f542d9acbcf245667438839484d7f2b032fd032256bcd778e", size = 1325365, upload-time = "2025-03-08T15:30:31.405Z" },
    { url = "https://files.pythonhosted.org/packages/f3/61/a2d9e109f99b6f5e65e653ac998b0944c5b82c568ac142fcbb381a4803be/coincurve-21.0.0-cp312-cp312-macosx_10_13_x86_64.whl", hash = "sha256:f60ad56113f08e8c540bb89f4f35f44d434311433195ffff22893ccfa335070c", size = 1391948, upload-time = "2025-03-08T15:30:32.899Z" },
    { url = "https://files.pythonhosted.org/packages/24/5a/2da75ee00a722ef1fa068ada3bc34c564595ead86fef573434e2f0cb0a5c/coincurve-21.0.0-cp312-cp312-macosx_11_0_arm64.whl", hash = "sha256:1cb1cd19fb0be22e68ecb60ad950b41f18b9b02eebeffaac9391dc31f74f08f2", size = 1384958, upload-time = "2025-03-08T15:30:34.705Z" },
    { url = "https://files.pythonhosted.org/packages/dc/50/6bf0bf7e8a9a9dd419ecc1e479dcb9fbfe657029276ad703806a25a2bef2/coincurve-21.0.0-cp312-cp312-manylinux_2_12_i686.manylinux2010_i686.manylinux_2_17_i686.manylinux2014_i686.whl", hash = "sha256:05d7e255a697b3475d7ae7640d3bdef3d5bc98ce9ce08dd387f780696606c33b", size = 1606576, upload-time = "2025-03-08T15:30:36.796Z" },
    { url = "https://files.pythonhosted.org/packages/bd/ab/9e89908fdd09ad522938085587aaa821b022f4def16c286c5580cfc85811/coincurve-21.0.0-cp312-cp312-manylinux_2_17_aarch64.manylinux2014_aarch64.whl", hash = "sha256:5a366c314df7217e3357bb8c7d2cda540b0bce180705f7a0ce2d1d9e28f62ad4", size = 1613642, upload-time = "2025-03-08T15:30:38.416Z" },
    { url = "https://files.pythonhosted.org/packages/b7/75/050b6fd08978de85a7b480f0f220ab6a30967c0910119f3096a8dd40befc/coincurve-21.0.0-cp312-cp312-manylinux_2_17_x86_64.manylinux2014_x86_64.whl", hash = "sha256:1b04778b75339c6e46deb9ae3bcfc2250fbe48d1324153e4310fc4996e135715", size = 1616974, upload-time = "2025-03-08T15:30:39.939Z" },
    { url = "https://files.pythonhosted.org/packages/d7/62/2740ba0cafebf45708633635fecadcbe582d7a3ed1ce8b4637921feceaf8/coincurve-21.0.0-cp312-cp312-musllinux_1_2_aarch64.whl", hash = "sha256:8efcbdcd50cc219989a2662e6c6552f455efc000a15dd6ab3ebf4f9b187f41a3", size = 1644133, upload-time = "2025-03-08T15:30:41.733Z" },
    { url = "https://files.pythonhosted.org/packages/94/14/1f27c3048c4084fa85ef65f42a4ca631f2b184336e6d9446fecec20e0a7f/coincurve-21.0.0-cp312-cp312-musllinux_1_2_i686.whl", hash = "sha256:6df44b4e3b7acdc1453ade52a52e3f8a5b53ecdd5a06bd200f1ec4b4e250f7d9", size = 1619918, upload-time = "2025-03-08T15:30:43.284Z" },
    { url = "https://files.pythonhosted.org/packages/ca/22/7ec3ec4c8e7764daa25767d6674cb5741ea2d9b39ff758e9918d22a4b49b/coincurve-21.0.0-cp312-cp312-musllinux_1_2_x86_64.whl", hash = "sha256:bcc0831f07cb75b91c35c13b1362e7b9dc76c376b27d01ff577bec52005e22a8", size = 1645797, upload-time = "2025-03-08T15:30:44.974Z" },
    { url = "https://files.pythonhosted.org/packages/fb/60/87982b7499943ab12605df7b14f6001fff331aca0881b260682461e2309d/coincurve-21.0.0-cp312-cp312-win_amd64.whl", hash = "sha256:5dd7b66b83b143f3ad3861a68fc0279167a0bae44fe3931547400b7a200e90b1", size = 1329255, upload-time = "2025-03-08T15:30:46.4Z" },
    { url = "https://files.pythonhosted.org/packages/62/c0/65b60b371579570931daca8a3f67debfc1482908b8ed03432297274a27da/coincurve-21.0.0-cp312-cp312-win_arm64.whl", hash = "sha256:78dbe439e8cb22389956a4f2f2312813b4bd0531a0b691d4f8e868c7b366555d", size = 1325973, upload-time = "2025-03-08T15:30:48.056Z" },
    { url = "https://files.pythonhosted.org/packages/b3/40/cce55adaec37a588eb24b67da8eb68926546458e12ed2c4c2a21deb93d4c/coincurve-21.0.0-cp313-cp313-macosx_10_13_x86_64.whl", hash = "sha256:9df5ceb5de603b9caf270629996710cf5ed1d43346887bc3895a11258644b65b", size = 1391762, upload-time = "2025-03-08T15:30:49.586Z" },
    { url = "https://files.pythonhosted.org/packages/ca/7a/628a30281d246ce98aea56592e0c8e79b03a93ee8b85d688db3388130c2d/coincurve-21.0.0-cp313-cp313-macosx_11_0_arm64.whl", hash = "sha256:154467858d23c48f9e5ab380433bc2625027b50617400e2984cc16f5799ab601", size = 1384921, upload-time = "2025-03-08T15:30:51.103Z" },
    { url = "https://files.pythonhosted.org/packages/61/cc/719c5da31e6ba07e438abcf962f7a365eb69a06a0621ca4f2a484f344e09/coincurve-21.0.0-cp313-cp313-manylinux_2_12_i686.manylinux2010_i686.manylinux_2_17_i686.manylinux2014_i686.whl", hash = "sha256:f57f07c44d14d939bed289cdeaba4acb986bba9f729a796b6a341eab1661eedc", size = 1606559, upload-time = "2025-03-08T15:30:53.218Z" },
    { url = "https://files.pythonhosted.org/packages/b2/ee/dd14237013d732e7fc3248c0c33a1d36b88b5378dfa3e624a50a23fb6f19/coincurve-21.0.0-cp313-cp313-manylinux_2_17_aarch64.manylinux2014_aarch64.whl", hash = "sha256:3fb03e3a388a93d31ed56a442bdec7983ea404490e21e12af76fb1dbf097082a", size = 1613684, upload-time = "2025-03-08T15:30:55.087Z" },
    { url = "https://files.pythonhosted.org/packages/f0/05/eaa7f36a03376ced1c19e0cb563341cc83fe48f5734b2effe8f16d0ee0ab/coincurve-21.0.0-cp313-cp313-manylinux_2_17_x86_64.manylinux2014_x86_64.whl", hash = "sha256:d09ba4fd9d26b00b06645fcd768c5ad44832a1fa847ebe8fb44970d3204c3cb7", size = 1617001, upload-time = "2025-03-08T15:30:57.036Z" },
    { url = "https://files.pythonhosted.org/packages/39/32/fc75f1dd914ac95eb2704425c7ca1a9f509f982e15d05e0ca895b9e6ea9c/coincurve-21.0.0-cp313-cp313-musllinux_1_2_aarch64.whl", hash = "sha256:1a1e7ee73bc1b3bcf14c7b0d1f44e6485785d3b53ef7b16173c36d3cefa57f93", size = 1643924, upload-time = "2025-03-08T15:30:58.737Z" },
    { url = "https://files.pythonhosted.org/packages/1a/4b/8c6e65b5755e26fc02077803879747615c1c327047328d1784bccb4ff4c3/coincurve-21.0.0-cp313-cp313-musllinux_1_2_i686.whl", hash = "sha256:ad05952b6edc593a874df61f1bc79db99d716ec48ba4302d699e14a419fe6f51", size = 1619964, upload-time = "2025-03-08T15:31:00.275Z" },
    { url = "https://files.pythonhosted.org/packages/64/bc/d0a743305ff9fa26e72b4c77b534d5958ec8030b3772555a7172a0c134e5/coincurve-21.0.0-cp313-cp313-musllinux_1_2_x86_64.whl", hash = "sha256:4d2bf350ced38b73db9efa1ff8fd16a67a1cb35abb2dda50d89661b531f03fd3", size = 1645526, upload-time = "2025-03-08T15:31:01.952Z" },
    { url = "https://files.pythonhosted.org/packages/9d/44/ab082e2dc8c9a45774f1bb9961f58b43c0882b866f5c469ead932d45a35d/coincurve-21.0.0-cp313-cp313-win_amd64.whl", hash = "sha256:54d9500c56d5499375e579c3917472ffcf804c3584dd79052a79974280985c74", size = 1329285, upload-time = "2025-03-08T15:31:03.591Z" },
    { url = "https://files.pythonhosted.org/packages/f3/94/407f6fc811310f15b1fc7255f436f6a9040854213beeb10093f56b5b7fd3/coincurve-21.0.0-cp313-cp313-win_arm64.whl", hash = "sha256:773917f075ec4b94a7a742637d303a3a082616a115c36568eb6c873a8d950d18", size = 1326027, upload-time = "2025-03-08T15:31:05.318Z" },
]

[[package]]
name = "colorama"
version = "0.4.6"
source = { registry = "https://pypi.org/simple" }
sdist = { url = "https://files.pythonhosted.org/packages/d8/53/6f443c9a4a8358a93a6792e2acffb9d9d5cb0a5cfd8802644b7b1c9a02e4/colorama-0.4.6.tar.gz", hash = "sha256:08695f5cb7ed6e0531a20572697297273c47b8cae5a63ffc6d6ed5c201be6e44", size = 27697, upload-time = "2022-10-25T02:36:22.414Z" }
wheels = [
    { url = "https://files.pythonhosted.org/packages/d1/d6/3965ed04c63042e047cb6a3e6ed1a63a35087b6a609aa3a15ed8ac56c221/colorama-0.4.6-py2.py3-none-any.whl", hash = "sha256:4f1d9991f5acc0ca119f9d443620b77f9d6b33703e51011c16baf57afb285fc6", size = 25335, upload-time = "2022-10-25T02:36:20.889Z" },
]

[[package]]
name = "iniconfig"
version = "2.3.0"
source = { registry = "https://pypi.org/simple" }
sdist = { url = "https://files.pythonhosted.org/packages/72/34/14ca021ce8e5dfedc35312d08ba8bf51fdd999c576889fc2c24cb97f4f10/iniconfig-2.3.0.tar.gz", hash = "sha256:c76315c77db068650d49c5b56314774a7804df16fee4402c1f19d6d15d8c4730", size = 20503, upload-time = "2025-10-18T21:55:43.219Z" }
wheels = [
    { url = "https://files.pythonhosted.org/packages/cb/b1/3846dd7f199d53cb17f49cba7e651e9ce294d8497c8c150530ed11865bb8/iniconfig-2.3.0-py3-none-any.whl", hash = "sha256:f631c04d2c48c52b84d0d0549c99ff3859c98df65b3101406327ecc7d53fbf12", size = 7484, upload-time = "2025-10-18T21:55:41.639Z" },
]

[[package]]
name = "packaging"
version = "26.2"
source = { registry = "https://pypi.org/simple" }
sdist = { url = "https://files.pythonhosted.org/packages/d7/f1/e7a6dd94a8d4a5626c03e4e99c87f241ba9e350cd9e6d75123f992427270/packaging-26.2.tar.gz", hash = "sha256:ff452ff5a3e828ce110190feff1178bb1f2ea2281fa2075aadb987c2fb221661", size = 228134, upload-time = "2026-04-24T20:15:23.917Z" }
wheels = [
    { url = "https://files.pythonhosted.org/packages/df/b2/87e62e8c3e2f4b32e5fe99e0b86d576da1312593b39f47d8ceef365e95ed/packaging-26.2-py3-none-any.whl", hash = "sha256:5fc45236b9446107ff2415ce77c807cee2862cb6fac22b8a73826d0693b0980e", size = 100195, upload-time = "2026-04-24T20:15:22.081Z" },
]

[[package]]
name = "pluggy"
version = "1.6.0"
source = { registry = "https://pypi.org/simple" }
sdist = { url = "https://files.pythonhosted.org/packages/f9/e2/3e91f31a7d2b083fe6ef3fa267035b518369d9511ffab804f839851d2779/pluggy-1.6.0.tar.gz", hash = "sha256:7dcc130b76258d33b90f61b658791dede3486c3e6bfb003ee5c9bfb396dd22f3", size = 69412, upload-time = "2025-05-15T12:30:07.975Z" }
wheels = [
    { url = "https://files.pythonhosted.org/packages/54/20/4d324d65cc6d9205fabedc306948156824eb9f0ee1633355a8f7ec5c66bf/pluggy-1.6.0-py3-none-any.whl", hash = "sha256:e920276dd6813095e9377c0bc5566d94c932c33b27a3e3945d8389c374dd4746", size = 20538, upload-time = "2025-05-15T12:30:06.134Z" },
]

[[package]]
name = "pygments"
version = "2.20.0"
source = { registry = "https://pypi.org/simple" }
sdist = { url = "https://files.pythonhosted.org/packages/c3/b2/bc9c9196916376152d655522fdcebac55e66de6603a76a02bca1b6414f6c/pygments-2.20.0.tar.gz", hash = "sha256:6757cd03768053ff99f3039c1a36d6c0aa0b263438fcab17520b30a303a82b5f", size = 4955991, upload-time = "2026-03-29T13:29:33.898Z" }
wheels = [
    { url = "https://files.pythonhosted.org/packages/f4/7e/a72dd26f3b0f4f2bf1dd8923c85f7ceb43172af56d63c7383eb62b332364/pygments-2.20.0-py3-none-any.whl", hash = "sha256:81a9e26dd42fd28a23a2d169d86d7ac03b46e2f8b59ed4698fb4785f946d0176", size = 1231151, upload-time = "2026-03-29T13:29:30.038Z" },
]

[[package]]
name = "pytest"
version = "9.0.3"
source = { registry = "https://pypi.org/simple" }
dependencies = [
    { name = "colorama", marker = "sys_platform == 'win32'" },
    { name = "iniconfig" },
    { name = "packaging" },
    { name = "pluggy" },
    { name = "pygments" },
]
sdist = { url = "https://files.pythonhosted.org/packages/7d/0d/549bd94f1a0a402dc8cf64563a117c0f3765662e2e668477624baeec44d5/pytest-9.0.3.tar.gz", hash = "sha256:b86ada508af81d19edeb213c681b1d48246c1a91d304c6c81a427674c17eb91c", size = 1572165, upload-time = "2026-04-07T17:16:18.027Z" }
wheels = [
    { url = "https://files.pythonhosted.org/packages/d4/24/a372aaf5c9b7208e7112038812994107bc65a84cd00e0354a88c2c77a617/pytest-9.0.3-py3-none-any.whl", hash = "sha256:2c5efc453d45394fdd706ade797c0a81091eccd1d6e4bccfcd476e2b8e0ab5d9", size = 375249, upload-time = "2026-04-07T17:16:16.13Z" },
]

[[package]]
name = "recover-stranded-sweep"
version = "0.1.0"
source = { virtual = "." }
dependencies = [
    { name = "coincurve" },
]

[package.dev-dependencies]
dev = [
    { name = "pytest" },
]

[package.metadata]
requires-dist = [{ name = "coincurve", specifier = ">=20.0.0" }]

[package.metadata.requires-dev]
dev = [{ name = "pytest", specifier = ">=8.0" }]
